{
  "originHash" : "5cecedad259e66a9fd4401f187e6b8300659c82c49996cc3a6d9161cda17ec2b",
  "pins" : [
    {
      "identity" : "checkout-event-logger-ios-framework",
      "kind" : "remoteSourceControl",
      "location" : "https://github.com/checkout/checkout-event-logger-ios-framework.git",
      "state" : {
        "revision" : "a914d754b4ffb1843730e8e1f8e7e60c4bf81cf9",
        "version" : "1.2.4"
      }
    },
    {
      "identity" : "checkout-risk-sdk-ios",
      "kind" : "remoteSourceControl",
      "location" : "https://github.com/checkout/checkout-risk-sdk-ios",
      "state" : {
        "revision" : "bf7b872704fcc24a4e57640350f594f82436494e",
        "version" : "4.0.0"
      }
    },
    {
      "identity" : "fingerprintjs-pro-ios",
      "kind" : "remoteSourceControl",
      "location" : "https://github.com/fingerprintjs/fingerprintjs-pro-ios",
      "state" : {
        "revision" : "382d45b4f1fa8008ced0ac59675af0420e20e255",
        "version" : "2.8.2"
      }
    }
  ],
  "version" : 3
}
